// !$*UTF8*$!
{
	archiveVersion = 1;
	classes = {
	};
	objectVersion = 46;
	objects = {

/* Begin PBXBuildFile section */
		F7AABD271BB07BBA0089D60F /* main.m in Sources */ = {isa = PBXBuildFile; fileRef = F7AABD261BB07BBA0089D60F /* main.m */; };
		F7AABD2A1BB07BBA0089D60F /* AppDelegate.m in Sources */ = {isa = PBXBuildFile; fileRef = F7AABD291BB07BBA0089D60F /* AppDelegate.m */; };
		F7AABD2D1BB07BBA0089D60F /* ViewController.m in Sources */ = {isa = PBXBuildFile; fileRef = F7AABD2C1BB07BBA0089D60F /* ViewController.m */; };
		F7AABD301BB07BBA0089D60F /* Main.storyboard in Resources */ = {isa = PBXBuildFile; fileRef = F7AABD2E1BB07BBA0089D60F /* Main.storyboard */; };
		F7AABD321BB07BBA0089D60F /* Images.xcassets in Resources */ = {isa = PBXBuildFile; fileRef = F7AABD311BB07BBA0089D60F /* Images.xcassets */; };
		F7AABD351BB07BBA0089D60F /* LaunchScreen.xib in Resources */ = {isa = PBXBuildFile; fileRef = F7AABD331BB07BBA0089D60F /* LaunchScreen.xib */; };
		F7AABD411BB07BBA0089D60F /* Hackaton_LNTests.m in Sources */ = {isa = PBXBuildFile; fileRef = F7AABD401BB07BBA0089D60F /* Hackaton_LNTests.m */; };
/* End PBXBuildFile section */

/* Begin PBXContainerItemProxy section */
		F7AABD3B1BB07BBA0089D60F /* PBXContainerItemProxy */ = {
			isa = PBXContainerItemProxy;
			containerPortal = F7AABD191BB07BBA0089D60F /* Project object */;
			proxyType = 1;
			remoteGlobalIDString = F7AABD201BB07BBA0089D60F;
			remoteInfo = "Hackaton-LN";
		};
/* End PBXContainerItemProxy section */

/* Begin PBXFileReference section */
		F7AABD211BB07BBA0089D60F /* Hackaton-LN.app */ = {isa = PBXFileReference; explicitFileType = wrapper.application; includeInIndex = 0; path = "Hackaton-LN.app"; sourceTree = BUILT_PRODUCTS_DIR; };
		F7AABD251BB07BBA0089D60F /* Info.plist */ = {isa = PBXFileReference; lastKnownFileType = text.plist.xml; path = Info.plist; sourceTree = "<group>"; };
		F7AABD261BB07BBA0089D60F /* main.m */ = {isa = PBXFileReference; lastKnownFileType = sourcecode.c.objc; path = main.m; sourceTree = "<group>"; };
		F7AABD281BB07BBA0089D60F /* AppDelegate.h */ = {isa = PBXFileReference; lastKnownFileType = sourcecode.c.h; path = AppDelegate.h; sourceTree = "<group>"; };
		F7AABD291BB07BBA0089D60F /* AppDelegate.m */ = {isa = PBXFileReference; lastKnownFileType = sourcecode.c.objc; path = AppDelegate.m; sourceTree = "<group>"; };
		F7AABD2B1BB07BBA0089D60F /* ViewController.h */ = {isa = PBXFileReference; lastKnownFileType = sourcecode.c.h; path = ViewController.h; sourceTree = "<group>"; };
		F7AABD2C1BB07BBA0089D60F /* ViewController.m */ = {isa = PBXFileReference; lastKnownFileType = sourcecode.c.objc; path = ViewController.m; sourceTree = "<group>"; };
		F7AABD2F1BB07BBA0089D60F /* Base */ = {isa = PBXFileReference; lastKnownFileType = file.storyboard; name = Base; path = Base.lproj/Main.storyboard; sourceTree = "<group>"; };
		F7AABD311BB07BBA0089D60F /* Images.xcassets */ = {isa = PBXFileReference; lastKnownFileType = folder.assetcatalog; path = Images.xcassets; sourceTree = "<group>"; };
		F7AABD341BB07BBA0089D60F /* Base */ = {isa = PBXFileReference; lastKnownFileType = file.xib; name = Base; path = Base.lproj/LaunchScreen.xib; sourceTree = "<group>"; };
		F7AABD3A1BB07BBA0089D60F /* Hackaton-LNTests.xctest */ = {isa = PBXFileReference; explicitFileType = wrapper.cfbundle; includeInIndex = 0; path = "Hackaton-LNTests.xctest"; sourceTree = BUILT_PRODUCTS_DIR; };
		F7AABD3F1BB07BBA0089D60F /* Info.plist */ = {isa = PBXFileReference; lastKnownFileType = text.plist.xml; path = Info.plist; sourceTree = "<group>"; };
		F7AABD401BB07BBA0089D60F /* Hackaton_LNTests.m */ = {isa = PBXFileReference; lastKnownFileType = sourcecode.c.objc; path = Hackaton_LNTests.m; sourceTree = "<group>"; };
/* End PBXFileReference section */

/* Begin PBXFrameworksBuildPhase section */
		F7AABD1E1BB07BBA0089D60F /* Frameworks */ = {
			isa = PBXFrameworksBuildPhase;
			buildActionMask = 2147483647;
			files = (
			);
			runOnlyForDeploymentPostprocessing = 0;
		};
		F7AABD371BB07BBA0089D60F /* Frameworks */ = {
			isa = PBXFrameworksBuildPhase;
			buildActionMask = 2147483647;
			files = (
			);
			runOnlyForDeploymentPostprocessing = 0;
		};
/* End PBXFrameworksBuildPhase section */

/* Begin PBXGroup section */
		F7AABD181BB07BBA0089D60F = {
			isa = PBXGroup;
			children = (
				F7AABD231BB07BBA0089D60F /* Hackaton-LN */,
				F7AABD3D1BB07BBA0089D60F /* Hackaton-LNTests */,
				F7AABD221BB07BBA0089D60F /* Products */,
			);
			sourceTree = "<group>";
		};
		F7AABD221BB07BBA0089D60F /* Products */ = {
			isa = PBXGroup;
			children = (
				F7AABD211BB07BBA0089D60F /* Hackaton-LN.app */,
				F7AABD3A1BB07BBA0089D60F /* Hackaton-LNTests.xctest */,
			);
			name = Products;
			sourceTree = "<group>";
		};
		F7AABD231BB07BBA0089D60F /* Hackaton-LN */ = {
			isa = PBXGroup;
			children = (
				F7AABD281BB07BBA0089D60F /* AppDelegate.h */,
				F7AABD291BB07BBA0089D60F /* AppDelegate.m */,
				F7AABD2B1BB07BBA0089D60F /* ViewController.h */,
				F7AABD2C1BB07BBA0089D60F /* ViewController.m */,
				F7AABD2E1BB07BBA0089D60F /* Main.storyboard */,
				F7AABD311BB07BBA0089D60F /* Images.xcassets */,
				F7AABD331BB07BBA0089D60F /* LaunchScreen.xib */,
				F7AABD241BB07BBA0089D60F /* Supporting Files */,
			);
			path = "Hackaton-LN";
			sourceTree = "<group>";
		};
		F7AABD241BB07BBA0089D60F /* Supporting Files */ = {
			isa = PBXGroup;
			children = (
				F7AABD251BB07BBA0089D60F /* Info.plist */,
				F7AABD261BB07BBA0089D60F /* main.m */,
			);
			name = "Supporting Files";
			sourceTree = "<group>";
		};
		F7AABD3D1BB07BBA0089D60F /* Hackaton-LNTests */ = {
			isa = PBXGroup;
			children = (
				F7AABD401BB07BBA0089D60F /* Hackaton_LNTests.m */,
				F7AABD3E1BB07BBA0089D60F /* Supporting Files */,
			);
			path = "Hackaton-LNTests";
			sourceTree = "<group>";
		};
		F7AABD3E1BB07BBA0089D60F /* Supporting Files */ = {
			isa = PBXGroup;
			children = (
				F7AABD3F1BB07BBA0089D60F /* Info.plist */,
			);
			name = "Supporting Files";
			sourceTree = "<group>";
		};
/* End PBXGroup section */

/* Begin PBXNativeTarget section */
		F7AABD201BB07BBA0089D60F /* Hackaton-LN */ = {
			isa = PBXNativeTarget;
			buildConfigurationList = F7AABD441BB07BBA0089D60F /* Build configuration list for PBXNativeTarget "Hackaton-LN" */;
			buildPhases = (
				F7AABD1D1BB07BBA0089D60F /* Sources */,
				F7AABD1E1BB07BBA0089D60F /* Frameworks */,
				F7AABD1F1BB07BBA0089D60F /* Resources */,
			);
			buildRules = (
			);
			dependencies = (
			);
			name = "Hackaton-LN";
			productName = "Hackaton-LN";
			productReference = F7AABD211BB07BBA0089D60F /* Hackaton-LN.app */;
			productType = "com.apple.product-type.application";
		};
		F7AABD391BB07BBA0089D60F /* Hackaton-LNTests */ = {
			isa = PBXNativeTarget;
			buildConfigurationList = F7AABD471BB07BBA0089D60F /* Build configuration list for PBXNativeTarget "Hackaton-LNTests" */;
			buildPhases = (
				F7AABD361BB07BBA0089D60F /* Sources */,
				F7AABD371BB07BBA0089D60F /* Frameworks */,
				F7AABD381BB07BBA0089D60F /* Resources */,
			);
			buildRules = (
			);
			dependencies = (
				F7AABD3C1BB07BBA0089D60F /* PBXTargetDependency */,
			);
			name = "Hackaton-LNTests";
			productName = "Hackaton-LNTests";
			productReference = F7AABD3A1BB07BBA0089D60F /* Hackaton-LNTests.xctest */;
			productType = "com.apple.product-type.bundle.unit-test";
		};
/* End PBXNativeTarget section */

/* Begin PBXProject section */
		F7AABD191BB07BBA0089D60F /* Project object */ = {
			isa = PBXProject;
			attributes = {
				LastUpgradeCheck = 0640;
				ORGANIZATIONNAME = "Carlos Garcia";
				TargetAttributes = {
					F7AABD201BB07BBA0089D60F = {
						CreatedOnToolsVersion = 6.4;
					};
					F7AABD391BB07BBA0089D60F = {
						CreatedOnToolsVersion = 6.4;
						TestTargetID = F7AABD201BB07BBA0089D60F;
					};
				};
			};
			buildConfigurationList = F7AABD1C1BB07BBA0089D60F /* Build configuration list for PBXProject "Hackaton-LN" */;
			compatibilityVersion = "Xcode 3.2";
			developmentRegion = English;
			hasScannedForEncodings = 0;
			knownRegions = (
				en,
				Base,
			);
			mainGroup = F7AABD181BB07BBA0089D60F;
			productRefGroup = F7AABD221BB07BBA0089D60F /* Products */;
			projectDirPath = "";
			projectRoot = "";
			targets = (
				F7AABD201BB07BBA0089D60F /* Hackaton-LN */,
				F7AABD391BB07BBA0089D60F /* Hackaton-LNTests */,
			);
		};
/* End PBXProject section */

/* Begin PBXResourcesBuildPhase section */
		F7AABD1F1BB07BBA0089D60F /* Resources */ = {
			isa = PBXResourcesBuildPhase;
			buildActionMask = 2147483647;
			files = (
				F7AABD301BB07BBA0089D60F /* Main.storyboard in Resources */,
				F7AABD351BB07BBA0089D60F /* LaunchScreen.xib in Resources */,
				F7AABD321BB07BBA0089D60F /* Images.xcassets in Resources */,
			);
			runOnlyForDeploymentPostprocessing = 0;
		};
		F7AABD381BB07BBA0089D60F /* Resources */ = {
			isa = PBXResourcesBuildPhase;
			buildActionMask = 2147483647;
			files = (
			);
			runOnlyForDeploymentPostprocessing = 0;
		};
/* End PBXResourcesBuildPhase section */

/* Begin PBXSourcesBuildPhase section */
		F7AABD1D1BB07BBA0089D60F /* Sources */ = {
			isa = PBXSourcesBuildPhase;
			buildActionMask = 2147483647;
			files = (
				F7AABD2D1BB07BBA0089D60F /* ViewController.m in Sources */,
				F7AABD2A1BB07BBA0089D60F /* AppDelegate.m in Sources */,
				F7AABD271BB07BBA0089D60F /* main.m in Sources */,
			);
			runOnlyForDeploymentPostprocessing = 0;
		};
		F7AABD361BB07BBA0089D60F /* Sources */ = {
			isa = PBXSourcesBuildPhase;
			buildActionMask = 2147483647;
			files = (
				F7AABD411BB07BBA0089D60F /* Hackaton_LNTests.m in Sources */,
			);
			runOnlyForDeploymentPostprocessing = 0;
		};
/* End PBXSourcesBuildPhase section */

/* Begin PBXTargetDependency section */
		F7AABD3C1BB07BBA0089D60F /* PBXTargetDependency */ = {
			isa = PBXTargetDependency;
			target = F7AABD201BB07BBA0089D60F /* Hackaton-LN */;
			targetProxy = F7AABD3B1BB07BBA0089D60F /* PBXContainerItemProxy */;
		};
/* End PBXTargetDependency section */

/* Begin PBXVariantGroup section */
		F7AABD2E1BB07BBA0089D60F /* Main.storyboard */ = {
			isa = PBXVariantGroup;
			children = (
				F7AABD2F1BB07BBA0089D60F /* Base */,
			);
			name = Main.storyboard;
			sourceTree = "<group>";
		};
		F7AABD331BB07BBA0089D60F /* LaunchScreen.xib */ = {
			isa = PBXVariantGroup;
			children = (
				F7AABD341BB07BBA0089D60F /* Base */,
			);
			name = LaunchScreen.xib;
			sourceTree = "<group>";
		};
/* End PBXVariantGroup section */

/* Begin XCBuildConfiguration section */
		F7AABD421BB07BBA0089D60F /* Debug */ = {
			isa = XCBuildConfiguration;
			buildSettings = {
				ALWAYS_SEARCH_USER_PATHS = NO;
				CLANG_CXX_LANGUAGE_STANDARD = "gnu++0x";
				CLANG_CXX_LIBRARY = "libc++";
				CLANG_ENABLE_MODULES = YES;
				CLANG_ENABLE_OBJC_ARC = YES;
				CLANG_WARN_BOOL_CONVERSION = YES;
				CLANG_WARN_CONSTANT_CONVERSION = YES;
				CLANG_WARN_DIRECT_OBJC_ISA_USAGE = YES_ERROR;
				CLANG_WARN_EMPTY_BODY = YES;
				CLANG_WARN_ENUM_CONVERSION = YES;
				CLANG_WARN_INT_CONVERSION = YES;
				CLANG_WARN_OBJC_ROOT_CLASS = YES_ERROR;
				CLANG_WARN_UNREACHABLE_CODE = YES;
				CLANG_WARN__DUPLICATE_METHOD_MATCH = YES;
				"CODE_SIGN_IDENTITY[sdk=iphoneos*]" = "iPhone Developer";
				COPY_PHASE_STRIP = NO;
				DEBUG_INFORMATION_FORMAT = "dwarf-with-dsym";
				ENABLE_STRICT_OBJC_MSGSEND = YES;
				GCC_C_LANGUAGE_STANDARD = gnu99;
				GCC_DYNAMIC_NO_PIC = NO;
				GCC_NO_COMMON_BLOCKS = YES;
				GCC_OPTIMIZATION_LEVEL = 0;
				GCC_PREPROCESSOR_DEFINITIONS = (
					"DEBUG=1",
					"$(inherited)",
				);
				GCC_SYMBOLS_PRIVATE_EXTERN = NO;
				GCC_WARN_64_TO_32_BIT_CONVERSION = YES;
				GCC_WARN_ABOUT_RETURN_TYPE = YES_ERROR;
				GCC_WARN_UNDECLARED_SELECTOR = YES;
				GCC_WARN_UNINITIALIZED_AUTOS = YES_AGGRESSIVE;
				GCC_WARN_UNUSED_FUNCTION = YES;
				GCC_WARN_UNUSED_VARIABLE = YES;
				IPHONEOS_DEPLOYMENT_TARGET = 8.4;
				MTL_ENABLE_DEBUG_INFO = YES;
				ONLY_ACTIVE_ARCH = YES;
				SDKROOT = iphoneos;
			};
			name = Debug;
		};
		F7AABD431BB07BBA0089D60F /* Release */ = {
			isa = XCBuildConfiguration;
			buildSettings = {
				ALWAYS_SEARCH_USER_PATHS = NO;
				CLANG_CXX_LANGUAGE_STANDARD = "gnu++0x";
				CLANG_CXX_LIBRARY = "libc++";
				CLANG_ENABLE_MODULES = YES;
				CLANG_ENABLE_OBJC_ARC = YES;
				CLANG_WARN_BOOL_CONVERSION = YES;
				CLANG_WARN_CONSTANT_CONVERSION = YES;
				CLANG_WARN_DIRECT_OBJC_ISA_USAGE = YES_ERROR;
				CLANG_WARN_EMPTY_BODY = YES;
				CLANG_WARN_ENUM_CONVERSION = YES;
				CLANG_WARN_INT_CONVERSION = YES;
				CLANG_WARN_OBJC_ROOT_CLASS = YES_ERROR;
				CLANG_WARN_UNREACHABLE_CODE = YES;
				CLANG_WARN__DUPLICATE_METHOD_MATCH = YES;
				"CODE_SIGN_IDENTITY[sdk=iphoneos*]" = "iPhone Developer";
				COPY_PHASE_STRIP = NO;
				DEBUG_INFORMATION_FORMAT = "dwarf-with-dsym";
				ENABLE_NS_ASSERTIONS = NO;
				ENABLE_STRICT_OBJC_MSGSEND = YES;
				GCC_C_LANGUAGE_STANDARD = gnu99;
				GCC_NO_COMMON_BLOCKS = YES;
				GCC_WARN_64_TO_32_BIT_CONVERSION = YES;
				GCC_WARN_ABOUT_RETURN_TYPE = YES_ERROR;
				GCC_WARN_UNDECLARED_SELECTOR = YES;
				GCC_WARN_UNINITIALIZED_AUTOS = YES_AGGRESSIVE;
				GCC_WARN_UNUSED_FUNCTION = YES;
				GCC_WARN_UNUSED_VARIABLE = YES;
				IPHONEOS_DEPLOYMENT_TARGET = 8.4;
				MTL_ENABLE_DEBUG_INFO = NO;
				SDKROOT = iphoneos;
				VALIDATE_PRODUCT = YES;
			};
			name = Release;
		};
		F7AABD451BB07BBA0089D60F /* Debug */ = {
			isa = XCBuildConfiguration;
			buildSettings = {
				ASSETCATALOG_COMPILER_APPICON_NAME = AppIcon;
				INFOPLIST_FILE = "Hackaton-LN/Info.plist";
				LD_RUNPATH_SEARCH_PATHS = "$(inherited) @executable_path/Frameworks";
				PRODUCT_NAME = "$(TARGET_NAME)";
			};
			name = Debug;
		};
		F7AABD461BB07BBA0089D60F /* Release */ = {
			isa = XCBuildConfiguration;
			buildSettings = {
				ASSETCATALOG_COMPILER_APPICON_NAME = AppIcon;
				INFOPLIST_FILE = "Hackaton-LN/Info.plist";
				LD_RUNPATH_SEARCH_PATHS = "$(inherited) @executable_path/Frameworks";
				PRODUCT_NAME = "$(TARGET_NAME)";
			};
			name = Release;
		};
		F7AABD481BB07BBA0089D60F /* Debug */ = {
			isa = XCBuildConfiguration;
			buildSettings = {
				BUNDLE_LOADER = "$(TEST_HOST)";
				FRAMEWORK_SEARCH_PATHS = (
					"$(SDKROOT)/Developer/Library/Frameworks",
					"$(inherited)",
				);
				GCC_PREPROCESSOR_DEFINITIONS = (
					"DEBUG=1",
					"$(inherited)",
				);
				INFOPLIST_FILE = "Hackaton-LNTests/Info.plist";
				LD_RUNPATH_SEARCH_PATHS = "$(inherited) @executable_path/Frameworks @loader_path/Frameworks";
				PRODUCT_NAME = "$(TARGET_NAME)";
				TEST_HOST = "$(BUILT_PRODUCTS_DIR)/Hackaton-LN.app/Hackaton-LN";
			};
			name = Debug;
		};
		F7AABD491BB07BBA0089D60F /* Release */ = {
			isa = XCBuildConfiguration;
			buildSettings = {
				BUNDLE_LOADER = "$(TEST_HOST)";
				FRAMEWORK_SEARCH_PATHS = (
					"$(SDKROOT)/Developer/Library/Frameworks",
					"$(inherited)",
				);
				INFOPLIST_FILE = "Hackaton-LNTests/Info.plist";
				LD_RUNPATH_SEARCH_PATHS = "$(inherited) @executable_path/Frameworks @loader_path/Frameworks";
				PRODUCT_NAME = "$(TARGET_NAME)";
				TEST_HOST = "$(BUILT_PRODUCTS_DIR)/Hackaton-LN.app/Hackaton-LN";
			};
			name = Release;
		};
/* End XCBuildConfiguration section */

/* Begin XCConfigurationList section */
		F7AABD1C1BB07BBA0089D60F /* Build configuration list for PBXProject "Hackaton-LN" */ = {
			isa = XCConfigurationList;
			buildConfigurations = (
				F7AABD421BB07BBA0089D60F /* Debug */,
				F7AABD431BB07BBA0089D60F /* Release */,
			);
			defaultConfigurationIsVisible = 0;
			defaultConfigurationName = Release;
		};
		F7AABD441BB07BBA0089D60F /* Build configuration list for PBXNativeTarget "Hackaton-LN" */ = {
			isa = XCConfigurationList;
			buildConfigurations = (
				F7AABD451BB07BBA0089D60F /* Debug */,
				F7AABD461BB07BBA0089D60F /* Release */,
			);
			defaultConfigurationIsVisible = 0;
		};
		F7AABD471BB07BBA0089D60F /* Build configuration list for PBXNativeTarget "Hackaton-LNTests" */ = {
			isa = XCConfigurationList;
			buildConfigurations = (
				F7AABD481BB07BBA0089D60F /* Debug */,
				F7AABD491BB07BBA0089D60F /* Release */,
			);
			defaultConfigurationIsVisible = 0;
		};
/* End XCConfigurationList section */
	};
	rootObject = F7AABD191BB07BBA0089D60F /* Project object */;
}
